
Microsoft Visual Studio Solution File, Format Version 12.00
# Visual Studio Version 17
VisualStudioVersion = 17.13.35919.96 d17.13
MinimumVisualStudioVersion = 10.0.40219.1
Project("{FAE04EC0-301F-11D3-BF4B-00C04F79EFBC}") = "TaskManager", "TaskManager.csproj", "{CE958A81-464C-4836-A776-BB53092AE22F}"
EndProject
Global
	GlobalSection(SolutionConfigurationPlatforms) = preSolution
		Debug|Any CPU = Debug|Any CPU
		Release|Any CPU = Release|Any CPU
	EndGlobalSection
	GlobalSection(ProjectConfigurationPlatforms) = postSolution
		{CE958A81-464C-4836-A776-BB53092AE22F}.Debug|Any CPU.ActiveCfg = Debug|Any CPU
		{CE958A81-464C-4836-A776-BB53092AE22F}.Debug|Any CPU.Build.0 = Debug|Any CPU
		{CE958A81-464C-4836-A776-BB53092AE22F}.Release|Any CPU.ActiveCfg = Release|Any CPU
		{CE958A81-464C-4836-A776-BB53092AE22F}.Release|Any CPU.Build.0 = Release|Any CPU
	EndGlobalSection
	GlobalSection(SolutionProperties) = preSolution
		HideSolutionNode = FALSE
	EndGlobalSection
	GlobalSection(ExtensibilityGlobals) = postSolution
		SolutionGuid = {7F8A2F09-9B33-4FEF-A7CD-DDF9545EFC32}
	EndGlobalSection
EndGlobal
